
Microsoft Visual Studio Solution File, Format Version 12.00
# Visual Studio Version 17
VisualStudioVersion = 17.8.34525.116
MinimumVisualStudioVersion = 10.0.40219.1
Project("{9A19103F-16F7-4668-BE54-9A1E7A4F7556}") = "CofdRoller.Console", "CofdRoller.Console\CofdRoller.Console.csproj", "{F8CBB2B7-AB17-4C65-B18A-E16C2337BEE5}"
EndProject
Project("{9A19103F-16F7-4668-BE54-9A1E7A4F7556}") = "CofdRoller.CofdRoller", "CofDRoller.CofdRoller\CofdRoller.CofdRoller.csproj", "{2DEBE872-F86F-4C56-9382-CB9DE6395368}"
EndProject
Project("{2150E333-8FDC-42A3-9474-1A3956D46DE8}") = "Global", "Global", "{0EC3FA57-EEA0-4AD8-BCEE-BE8B2F803CD8}"
	ProjectSection(SolutionItems) = preProject
		.editorconfig = .editorconfig
		Directory.Build.props = Directory.Build.props
	EndProjectSection
EndProject
Project("{9A19103F-16F7-4668-BE54-9A1E7A4F7556}") = "CofdRoller.Common", "CofdRoller.Common\CofdRoller.Common.csproj", "{16966F89-0859-4C3D-9612-9FA5500C4269}"
EndProject
Project("{2150E333-8FDC-42A3-9474-1A3956D46DE8}") = "Tests", "Tests", "{9CBC4A3B-A7A0-48B7-9478-34EE45F296A1}"
EndProject
Project("{9A19103F-16F7-4668-BE54-9A1E7A4F7556}") = "CofdRoller.CofdRollerTests", "Tests\CofdRoller.CofdRollerTests\CofdRoller.CofdRollerTests.csproj", "{D7D9A1D9-C613-48C9-9883-FC16301F4C49}"
EndProject
Project("{9A19103F-16F7-4668-BE54-9A1E7A4F7556}") = "CofdRoller.Tests", "Tests\CofdRoller.Tests\CofdRoller.Tests.csproj", "{F381181A-9FC5-4C40-B791-12E828658474}"
EndProject
Global
	GlobalSection(SolutionConfigurationPlatforms) = preSolution
		Debug|Any CPU = Debug|Any CPU
		Release|Any CPU = Release|Any CPU
	EndGlobalSection
	GlobalSection(ProjectConfigurationPlatforms) = postSolution
		{F8CBB2B7-AB17-4C65-B18A-E16C2337BEE5}.Debug|Any CPU.ActiveCfg = Debug|Any CPU
		{F8CBB2B7-AB17-4C65-B18A-E16C2337BEE5}.Debug|Any CPU.Build.0 = Debug|Any CPU
		{F8CBB2B7-AB17-4C65-B18A-E16C2337BEE5}.Release|Any CPU.ActiveCfg = Release|Any CPU
		{F8CBB2B7-AB17-4C65-B18A-E16C2337BEE5}.Release|Any CPU.Build.0 = Release|Any CPU
		{2DEBE872-F86F-4C56-9382-CB9DE6395368}.Debug|Any CPU.ActiveCfg = Debug|Any CPU
		{2DEBE872-F86F-4C56-9382-CB9DE6395368}.Debug|Any CPU.Build.0 = Debug|Any CPU
		{2DEBE872-F86F-4C56-9382-CB9DE6395368}.Release|Any CPU.ActiveCfg = Release|Any CPU
		{2DEBE872-F86F-4C56-9382-CB9DE6395368}.Release|Any CPU.Build.0 = Release|Any CPU
		{16966F89-0859-4C3D-9612-9FA5500C4269}.Debug|Any CPU.ActiveCfg = Debug|Any CPU
		{16966F89-0859-4C3D-9612-9FA5500C4269}.Debug|Any CPU.Build.0 = Debug|Any CPU
		{16966F89-0859-4C3D-9612-9FA5500C4269}.Release|Any CPU.ActiveCfg = Release|Any CPU
		{16966F89-0859-4C3D-9612-9FA5500C4269}.Release|Any CPU.Build.0 = Release|Any CPU
		{D7D9A1D9-C613-48C9-9883-FC16301F4C49}.Debug|Any CPU.ActiveCfg = Debug|Any CPU
		{D7D9A1D9-C613-48C9-9883-FC16301F4C49}.Debug|Any CPU.Build.0 = Debug|Any CPU
		{D7D9A1D9-C613-48C9-9883-FC16301F4C49}.Release|Any CPU.ActiveCfg = Release|Any CPU
		{D7D9A1D9-C613-48C9-9883-FC16301F4C49}.Release|Any CPU.Build.0 = Release|Any CPU
		{F381181A-9FC5-4C40-B791-12E828658474}.Debug|Any CPU.ActiveCfg = Debug|Any CPU
		{F381181A-9FC5-4C40-B791-12E828658474}.Debug|Any CPU.Build.0 = Debug|Any CPU
		{F381181A-9FC5-4C40-B791-12E828658474}.Release|Any CPU.ActiveCfg = Release|Any CPU
		{F381181A-9FC5-4C40-B791-12E828658474}.Release|Any CPU.Build.0 = Release|Any CPU
	EndGlobalSection
	GlobalSection(SolutionProperties) = preSolution
		HideSolutionNode = FALSE
	EndGlobalSection
	GlobalSection(NestedProjects) = preSolution
		{D7D9A1D9-C613-48C9-9883-FC16301F4C49} = {9CBC4A3B-A7A0-48B7-9478-34EE45F296A1}
		{F381181A-9FC5-4C40-B791-12E828658474} = {9CBC4A3B-A7A0-48B7-9478-34EE45F296A1}
	EndGlobalSection
	GlobalSection(ExtensibilityGlobals) = postSolution
		SolutionGuid = {9B1A2A42-F81B-4CF2-8B5A-809C59998172}
	EndGlobalSection
EndGlobal
